// !$*UTF8*$!
{
	archiveVersion = 1;
	classes = {
	};
	objectVersion = 55;
	objects = {

/* Begin PBXBuildFile section */
		BD0AA43E27DFD05A00B0A1CA /* CocktailCollectionViewCell.swift in Sources */ = {isa = PBXBuildFile; fileRef = BD0AA43D27DFD05A00B0A1CA /* CocktailCollectionViewCell.swift */; };
		BD478EFA27DFC33A0046C985 /* NoAlcoholDrinksViewController.swift in Sources */ = {isa = PBXBuildFile; fileRef = BD478EF927DFC33A0046C985 /* NoAlcoholDrinksViewController.swift */; };
		BD50843827DB7B95006E7126 /* DrinkDescriprionViewController.swift in Sources */ = {isa = PBXBuildFile; fileRef = BD50843727DB7B95006E7126 /* DrinkDescriprionViewController.swift */; };
		BD7094E327E0F7D400C0B381 /* IngredientsViewController.swift in Sources */ = {isa = PBXBuildFile; fileRef = BD7094E227E0F7D400C0B381 /* IngredientsViewController.swift */; };
		BDD2A61927D91CE10020F699 /* AppDelegate.swift in Sources */ = {isa = PBXBuildFile; fileRef = BDD2A61827D91CE10020F699 /* AppDelegate.swift */; };
		BDD2A61B27D91CE20020F699 /* SceneDelegate.swift in Sources */ = {isa = PBXBuildFile; fileRef = BDD2A61A27D91CE20020F699 /* SceneDelegate.swift */; };
		BDD2A62027D91CE20020F699 /* Main.storyboard in Resources */ = {isa = PBXBuildFile; fileRef = BDD2A61E27D91CE20020F699 /* Main.storyboard */; };
		BDD2A62227D91CE30020F699 /* Assets.xcassets in Resources */ = {isa = PBXBuildFile; fileRef = BDD2A62127D91CE30020F699 /* Assets.xcassets */; };
		BDD2A62527D91CE30020F699 /* LaunchScreen.storyboard in Resources */ = {isa = PBXBuildFile; fileRef = BDD2A62327D91CE30020F699 /* LaunchScreen.storyboard */; };
		BDD2A62D27D91D390020F699 /* Network Manager.swift in Sources */ = {isa = PBXBuildFile; fileRef = BDD2A62C27D91D390020F699 /* Network Manager.swift */; };
		BDD2A62F27D91EB70020F699 /* CocktailData.swift in Sources */ = {isa = PBXBuildFile; fileRef = BDD2A62E27D91EB70020F699 /* CocktailData.swift */; };
		BDD2A63127D91FCA0020F699 /* AlcoholCocktailsTableViewController.swift in Sources */ = {isa = PBXBuildFile; fileRef = BDD2A63027D91FCA0020F699 /* AlcoholCocktailsTableViewController.swift */; };
		BDD2A63327D9258B0020F699 /* CocktailTableViewCell.swift in Sources */ = {isa = PBXBuildFile; fileRef = BDD2A63227D9258B0020F699 /* CocktailTableViewCell.swift */; };
		F30DBC0BA80B9885CB89620B /* Pods_Cocktail_Map.framework in Frameworks */ = {isa = PBXBuildFile; fileRef = E670C0E2CB76CCFFF88A5307 /* Pods_Cocktail_Map.framework */; };
/* End PBXBuildFile section */

/* Begin PBXFileReference section */
		9505719391B1EDD66E2D002C /* Pods-Cocktail Map.debug.xcconfig */ = {isa = PBXFileReference; includeInIndex = 1; lastKnownFileType = text.xcconfig; name = "Pods-Cocktail Map.debug.xcconfig"; path = "Target Support Files/Pods-Cocktail Map/Pods-Cocktail Map.debug.xcconfig"; sourceTree = "<group>"; };
		BD0AA43D27DFD05A00B0A1CA /* CocktailCollectionViewCell.swift */ = {isa = PBXFileReference; lastKnownFileType = sourcecode.swift; path = CocktailCollectionViewCell.swift; sourceTree = "<group>"; };
		BD478EF927DFC33A0046C985 /* NoAlcoholDrinksViewController.swift */ = {isa = PBXFileReference; lastKnownFileType = sourcecode.swift; path = NoAlcoholDrinksViewController.swift; sourceTree = "<group>"; };
		BD50843727DB7B95006E7126 /* DrinkDescriprionViewController.swift */ = {isa = PBXFileReference; lastKnownFileType = sourcecode.swift; path = DrinkDescriprionViewController.swift; sourceTree = "<group>"; };
		BD7094E227E0F7D400C0B381 /* IngredientsViewController.swift */ = {isa = PBXFileReference; lastKnownFileType = sourcecode.swift; path = IngredientsViewController.swift; sourceTree = "<group>"; };
		BDD2A61527D91CE10020F699 /* Cocktail Map.app */ = {isa = PBXFileReference; explicitFileType = wrapper.application; includeInIndex = 0; path = "Cocktail Map.app"; sourceTree = BUILT_PRODUCTS_DIR; };
		BDD2A61827D91CE10020F699 /* AppDelegate.swift */ = {isa = PBXFileReference; lastKnownFileType = sourcecode.swift; path = AppDelegate.swift; sourceTree = "<group>"; };
		BDD2A61A27D91CE20020F699 /* SceneDelegate.swift */ = {isa = PBXFileReference; lastKnownFileType = sourcecode.swift; path = SceneDelegate.swift; sourceTree = "<group>"; };
		BDD2A61F27D91CE20020F699 /* Base */ = {isa = PBXFileReference; lastKnownFileType = file.storyboard; name = Base; path = Base.lproj/Main.storyboard; sourceTree = "<group>"; };
		BDD2A62127D91CE30020F699 /* Assets.xcassets */ = {isa = PBXFileReference; lastKnownFileType = folder.assetcatalog; path = Assets.xcassets; sourceTree = "<group>"; };
		BDD2A62427D91CE30020F699 /* Base */ = {isa = PBXFileReference; lastKnownFileType = file.storyboard; name = Base; path = Base.lproj/LaunchScreen.storyboard; sourceTree = "<group>"; };
		BDD2A62627D91CE30020F699 /* Info.plist */ = {isa = PBXFileReference; lastKnownFileType = text.plist.xml; path = Info.plist; sourceTree = "<group>"; };
		BDD2A62C27D91D390020F699 /* Network Manager.swift */ = {isa = PBXFileReference; lastKnownFileType = sourcecode.swift; path = "Network Manager.swift"; sourceTree = "<group>"; };
		BDD2A62E27D91EB70020F699 /* CocktailData.swift */ = {isa = PBXFileReference; lastKnownFileType = sourcecode.swift; path = CocktailData.swift; sourceTree = "<group>"; };
		BDD2A63027D91FCA0020F699 /* AlcoholCocktailsTableViewController.swift */ = {isa = PBXFileReference; lastKnownFileType = sourcecode.swift; path = AlcoholCocktailsTableViewController.swift; sourceTree = "<group>"; };
		BDD2A63227D9258B0020F699 /* CocktailTableViewCell.swift */ = {isa = PBXFileReference; lastKnownFileType = sourcecode.swift; path = CocktailTableViewCell.swift; sourceTree = "<group>"; };
		DCF8EE76DE7E12A2BAE6829B /* Pods-Cocktail Map.release.xcconfig */ = {isa = PBXFileReference; includeInIndex = 1; lastKnownFileType = text.xcconfig; name = "Pods-Cocktail Map.release.xcconfig"; path = "Target Support Files/Pods-Cocktail Map/Pods-Cocktail Map.release.xcconfig"; sourceTree = "<group>"; };
		E670C0E2CB76CCFFF88A5307 /* Pods_Cocktail_Map.framework */ = {isa = PBXFileReference; explicitFileType = wrapper.framework; includeInIndex = 0; path = Pods_Cocktail_Map.framework; sourceTree = BUILT_PRODUCTS_DIR; };
/* End PBXFileReference section */

/* Begin PBXFrameworksBuildPhase section */
		BDD2A61227D91CE10020F699 /* Frameworks */ = {
			isa = PBXFrameworksBuildPhase;
			buildActionMask = 2147483647;
			files = (
				F30DBC0BA80B9885CB89620B /* Pods_Cocktail_Map.framework in Frameworks */,
			);
			runOnlyForDeploymentPostprocessing = 0;
		};
/* End PBXFrameworksBuildPhase section */

/* Begin PBXGroup section */
		87DCC0BFA455BE72E92D2F48 /* Frameworks */ = {
			isa = PBXGroup;
			children = (
				E670C0E2CB76CCFFF88A5307 /* Pods_Cocktail_Map.framework */,
			);
			name = Frameworks;
			sourceTree = "<group>";
		};
		BD96086927DB897900F700F0 /* Services */ = {
			isa = PBXGroup;
			children = (
				BDD2A62C27D91D390020F699 /* Network Manager.swift */,
			);
			path = Services;
			sourceTree = "<group>";
		};
		BD96086A27DB898900F700F0 /* Views */ = {
			isa = PBXGroup;
			children = (
				BDD2A63227D9258B0020F699 /* CocktailTableViewCell.swift */,
				BD0AA43D27DFD05A00B0A1CA /* CocktailCollectionViewCell.swift */,
			);
			path = Views;
			sourceTree = "<group>";
		};
		BD96086B27DB898F00F700F0 /* Models */ = {
			isa = PBXGroup;
			children = (
				BDD2A62E27D91EB70020F699 /* CocktailData.swift */,
			);
			path = Models;
			sourceTree = "<group>";
		};
		BD96086C27DB899A00F700F0 /* ViewControllers */ = {
			isa = PBXGroup;
			children = (
				BDD2A63027D91FCA0020F699 /* AlcoholCocktailsTableViewController.swift */,
				BD478EF927DFC33A0046C985 /* NoAlcoholDrinksViewController.swift */,
				BD50843727DB7B95006E7126 /* DrinkDescriprionViewController.swift */,
				BD7094E227E0F7D400C0B381 /* IngredientsViewController.swift */,
			);
			path = ViewControllers;
			sourceTree = "<group>";
		};
		BD96086D27DB89A700F700F0 /* Storyboards */ = {
			isa = PBXGroup;
			children = (
				BDD2A61E27D91CE20020F699 /* Main.storyboard */,
				BDD2A62327D91CE30020F699 /* LaunchScreen.storyboard */,
			);
			path = Storyboards;
			sourceTree = "<group>";
		};
		BD96086E27DB89B200F700F0 /* SupportingFIles */ = {
			isa = PBXGroup;
			children = (
				BDD2A61827D91CE10020F699 /* AppDelegate.swift */,
				BDD2A61A27D91CE20020F699 /* SceneDelegate.swift */,
				BDD2A62627D91CE30020F699 /* Info.plist */,
			);
			path = SupportingFIles;
			sourceTree = "<group>";
		};
		BD96086F27DB89CB00F700F0 /* Sourse */ = {
			isa = PBXGroup;
			children = (
				BDD2A62127D91CE30020F699 /* Assets.xcassets */,
			);
			path = Sourse;
			sourceTree = "<group>";
		};
		BDD2A60C27D91CE10020F699 = {
			isa = PBXGroup;
			children = (
				BDD2A61727D91CE10020F699 /* Cocktail Map */,
				BDD2A61627D91CE10020F699 /* Products */,
				C622CB4C3F0DA6AF768792A7 /* Pods */,
				87DCC0BFA455BE72E92D2F48 /* Frameworks */,
			);
			sourceTree = "<group>";
		};
		BDD2A61627D91CE10020F699 /* Products */ = {
			isa = PBXGroup;
			children = (
				BDD2A61527D91CE10020F699 /* Cocktail Map.app */,
			);
			name = Products;
			sourceTree = "<group>";
		};
		BDD2A61727D91CE10020F699 /* Cocktail Map */ = {
			isa = PBXGroup;
			children = (
				BD96086C27DB899A00F700F0 /* ViewControllers */,
				BD96086D27DB89A700F700F0 /* Storyboards */,
				BD96086927DB897900F700F0 /* Services */,
				BD96086A27DB898900F700F0 /* Views */,
				BD96086B27DB898F00F700F0 /* Models */,
				BD96086E27DB89B200F700F0 /* SupportingFIles */,
				BD96086F27DB89CB00F700F0 /* Sourse */,
			);
			path = "Cocktail Map";
			sourceTree = "<group>";
		};
		C622CB4C3F0DA6AF768792A7 /* Pods */ = {
			isa = PBXGroup;
			children = (
				9505719391B1EDD66E2D002C /* Pods-Cocktail Map.debug.xcconfig */,
				DCF8EE76DE7E12A2BAE6829B /* Pods-Cocktail Map.release.xcconfig */,
			);
			path = Pods;
			sourceTree = "<group>";
		};
/* End PBXGroup section */

/* Begin PBXNativeTarget section */
		BDD2A61427D91CE10020F699 /* Cocktail Map */ = {
			isa = PBXNativeTarget;
			buildConfigurationList = BDD2A62927D91CE30020F699 /* Build configuration list for PBXNativeTarget "Cocktail Map" */;
			buildPhases = (
				E3C047DB05196F081C5EA5D7 /* [CP] Check Pods Manifest.lock */,
				BDD2A61127D91CE10020F699 /* Sources */,
				BDD2A61227D91CE10020F699 /* Frameworks */,
				BDD2A61327D91CE10020F699 /* Resources */,
				5B2750E1EC35DC8E2FD569BD /* [CP] Embed Pods Frameworks */,
			);
			buildRules = (
			);
			dependencies = (
			);
			name = "Cocktail Map";
			productName = "Cocktail Map";
			productReference = BDD2A61527D91CE10020F699 /* Cocktail Map.app */;
			productType = "com.apple.product-type.application";
		};
/* End PBXNativeTarget section */

/* Begin PBXProject section */
		BDD2A60D27D91CE10020F699 /* Project object */ = {
			isa = PBXProject;
			attributes = {
				BuildIndependentTargetsInParallel = 1;
				LastSwiftUpdateCheck = 1320;
				LastUpgradeCheck = 1320;
				TargetAttributes = {
					BDD2A61427D91CE10020F699 = {
						CreatedOnToolsVersion = 13.2.1;
					};
				};
			};
			buildConfigurationList = BDD2A61027D91CE10020F699 /* Build configuration list for PBXProject "Cocktail Map" */;
			compatibilityVersion = "Xcode 13.0";
			developmentRegion = en;
			hasScannedForEncodings = 0;
			knownRegions = (
				en,
				Base,
			);
			mainGroup = BDD2A60C27D91CE10020F699;
			productRefGroup = BDD2A61627D91CE10020F699 /* Products */;
			projectDirPath = "";
			projectRoot = "";
			targets = (
				BDD2A61427D91CE10020F699 /* Cocktail Map */,
			);
		};
/* End PBXProject section */

/* Begin PBXResourcesBuildPhase section */
		BDD2A61327D91CE10020F699 /* Resources */ = {
			isa = PBXResourcesBuildPhase;
			buildActionMask = 2147483647;
			files = (
				BDD2A62527D91CE30020F699 /* LaunchScreen.storyboard in Resources */,
				BDD2A62227D91CE30020F699 /* Assets.xcassets in Resources */,
				BDD2A62027D91CE20020F699 /* Main.storyboard in Resources */,
			);
			runOnlyForDeploymentPostprocessing = 0;
		};
/* End PBXResourcesBuildPhase section */

/* Begin PBXShellScriptBuildPhase section */
		5B2750E1EC35DC8E2FD569BD /* [CP] Embed Pods Frameworks */ = {
			isa = PBXShellScriptBuildPhase;
			buildActionMask = 2147483647;
			files = (
			);
			inputFileListPaths = (
				"${PODS_ROOT}/Target Support Files/Pods-Cocktail Map/Pods-Cocktail Map-frameworks-${CONFIGURATION}-input-files.xcfilelist",
			);
			name = "[CP] Embed Pods Frameworks";
			outputFileListPaths = (
				"${PODS_ROOT}/Target Support Files/Pods-Cocktail Map/Pods-Cocktail Map-frameworks-${CONFIGURATION}-output-files.xcfilelist",
			);
			runOnlyForDeploymentPostprocessing = 0;
			shellPath = /bin/sh;
			shellScript = "\"${PODS_ROOT}/Target Support Files/Pods-Cocktail Map/Pods-Cocktail Map-frameworks.sh\"\n";
			showEnvVarsInLog = 0;
		};
		E3C047DB05196F081C5EA5D7 /* [CP] Check Pods Manifest.lock */ = {
			isa = PBXShellScriptBuildPhase;
			buildActionMask = 2147483647;
			files = (
			);
			inputFileListPaths = (
			);
			inputPaths = (
				"${PODS_PODFILE_DIR_PATH}/Podfile.lock",
				"${PODS_ROOT}/Manifest.lock",
			);
			name = "[CP] Check Pods Manifest.lock";
			outputFileListPaths = (
			);
			outputPaths = (
				"$(DERIVED_FILE_DIR)/Pods-Cocktail Map-checkManifestLockResult.txt",
			);
			runOnlyForDeploymentPostprocessing = 0;
			shellPath = /bin/sh;
			shellScript = "diff \"${PODS_PODFILE_DIR_PATH}/Podfile.lock\" \"${PODS_ROOT}/Manifest.lock\" > /dev/null\nif [ $? != 0 ] ; then\n    # print error to STDERR\n    echo \"error: The sandbox is not in sync with the Podfile.lock. Run 'pod install' or update your CocoaPods installation.\" >&2\n    exit 1\nfi\n# This output is used by Xcode 'outputs' to avoid re-running this script phase.\necho \"SUCCESS\" > \"${SCRIPT_OUTPUT_FILE_0}\"\n";
			showEnvVarsInLog = 0;
		};
/* End PBXShellScriptBuildPhase section */

/* Begin PBXSourcesBuildPhase section */
		BDD2A61127D91CE10020F699 /* Sources */ = {
			isa = PBXSourcesBuildPhase;
			buildActionMask = 2147483647;
			files = (
				BD0AA43E27DFD05A00B0A1CA /* CocktailCollectionViewCell.swift in Sources */,
				BDD2A61927D91CE10020F699 /* AppDelegate.swift in Sources */,
				BDD2A62F27D91EB70020F699 /* CocktailData.swift in Sources */,
				BDD2A61B27D91CE20020F699 /* SceneDelegate.swift in Sources */,
				BDD2A63327D9258B0020F699 /* CocktailTableViewCell.swift in Sources */,
				BD7094E327E0F7D400C0B381 /* IngredientsViewController.swift in Sources */,
				BDD2A63127D91FCA0020F699 /* AlcoholCocktailsTableViewController.swift in Sources */,
				BDD2A62D27D91D390020F699 /* Network Manager.swift in Sources */,
				BD50843827DB7B95006E7126 /* DrinkDescriprionViewController.swift in Sources */,
				BD478EFA27DFC33A0046C985 /* NoAlcoholDrinksViewController.swift in Sources */,
			);
			runOnlyForDeploymentPostprocessing = 0;
		};
/* End PBXSourcesBuildPhase section */

/* Begin PBXVariantGroup section */
		BDD2A61E27D91CE20020F699 /* Main.storyboard */ = {
			isa = PBXVariantGroup;
			children = (
				BDD2A61F27D91CE20020F699 /* Base */,
			);
			name = Main.storyboard;
			sourceTree = "<group>";
		};
		BDD2A62327D91CE30020F699 /* LaunchScreen.storyboard */ = {
			isa = PBXVariantGroup;
			children = (
				BDD2A62427D91CE30020F699 /* Base */,
			);
			name = LaunchScreen.storyboard;
			sourceTree = "<group>";
		};
/* End PBXVariantGroup section */

/* Begin XCBuildConfiguration section */
		BDD2A62727D91CE30020F699 /* Debug */ = {
			isa = XCBuildConfiguration;
			buildSettings = {
				ALWAYS_SEARCH_USER_PATHS = NO;
				CLANG_ANALYZER_NONNULL = YES;
				CLANG_ANALYZER_NUMBER_OBJECT_CONVERSION = YES_AGGRESSIVE;
				CLANG_CXX_LANGUAGE_STANDARD = "gnu++17";
				CLANG_CXX_LIBRARY = "libc++";
				CLANG_ENABLE_MODULES = YES;
				CLANG_ENABLE_OBJC_ARC = YES;
				CLANG_ENABLE_OBJC_WEAK = YES;
				CLANG_WARN_BLOCK_CAPTURE_AUTORELEASING = YES;
				CLANG_WARN_BOOL_CONVERSION = YES;
				CLANG_WARN_COMMA = YES;
				CLANG_WARN_CONSTANT_CONVERSION = YES;
				CLANG_WARN_DEPRECATED_OBJC_IMPLEMENTATIONS = YES;
				CLANG_WARN_DIRECT_OBJC_ISA_USAGE = YES_ERROR;
				CLANG_WARN_DOCUMENTATION_COMMENTS = YES;
				CLANG_WARN_EMPTY_BODY = YES;
				CLANG_WARN_ENUM_CONVERSION = YES;
				CLANG_WARN_INFINITE_RECURSION = YES;
				CLANG_WARN_INT_CONVERSION = YES;
				CLANG_WARN_NON_LITERAL_NULL_CONVERSION = YES;
				CLANG_WARN_OBJC_IMPLICIT_RETAIN_SELF = YES;
				CLANG_WARN_OBJC_LITERAL_CONVERSION = YES;
				CLANG_WARN_OBJC_ROOT_CLASS = YES_ERROR;
				CLANG_WARN_QUOTED_INCLUDE_IN_FRAMEWORK_HEADER = YES;
				CLANG_WARN_RANGE_LOOP_ANALYSIS = YES;
				CLANG_WARN_STRICT_PROTOTYPES = YES;
				CLANG_WARN_SUSPICIOUS_MOVE = YES;
				CLANG_WARN_UNGUARDED_AVAILABILITY = YES_AGGRESSIVE;
				CLANG_WARN_UNREACHABLE_CODE = YES;
				CLANG_WARN__DUPLICATE_METHOD_MATCH = YES;
				COPY_PHASE_STRIP = NO;
				DEBUG_INFORMATION_FORMAT = dwarf;
				ENABLE_STRICT_OBJC_MSGSEND = YES;
				ENABLE_TESTABILITY = YES;
				GCC_C_LANGUAGE_STANDARD = gnu11;
				GCC_DYNAMIC_NO_PIC = NO;
				GCC_NO_COMMON_BLOCKS = YES;
				GCC_OPTIMIZATION_LEVEL = 0;
				GCC_PREPROCESSOR_DEFINITIONS = (
					"DEBUG=1",
					"$(inherited)",
				);
				GCC_WARN_64_TO_32_BIT_CONVERSION = YES;
				GCC_WARN_ABOUT_RETURN_TYPE = YES_ERROR;
				GCC_WARN_UNDECLARED_SELECTOR = YES;
				GCC_WARN_UNINITIALIZED_AUTOS = YES_AGGRESSIVE;
				GCC_WARN_UNUSED_FUNCTION = YES;
				GCC_WARN_UNUSED_VARIABLE = YES;
				IPHONEOS_DEPLOYMENT_TARGET = 15.0;
				MTL_ENABLE_DEBUG_INFO = INCLUDE_SOURCE;
				MTL_FAST_MATH = YES;
				ONLY_ACTIVE_ARCH = YES;
				SDKROOT = iphoneos;
				SWIFT_ACTIVE_COMPILATION_CONDITIONS = DEBUG;
				SWIFT_OPTIMIZATION_LEVEL = "-Onone";
			};
			name = Debug;
		};
		BDD2A62827D91CE30020F699 /* Release */ = {
			isa = XCBuildConfiguration;
			buildSettings = {
				ALWAYS_SEARCH_USER_PATHS = NO;
				CLANG_ANALYZER_NONNULL = YES;
				CLANG_ANALYZER_NUMBER_OBJECT_CONVERSION = YES_AGGRESSIVE;
				CLANG_CXX_LANGUAGE_STANDARD = "gnu++17";
				CLANG_CXX_LIBRARY = "libc++";
				CLANG_ENABLE_MODULES = YES;
				CLANG_ENABLE_OBJC_ARC = YES;
				CLANG_ENABLE_OBJC_WEAK = YES;
				CLANG_WARN_BLOCK_CAPTURE_AUTORELEASING = YES;
				CLANG_WARN_BOOL_CONVERSION = YES;
				CLANG_WARN_COMMA = YES;
				CLANG_WARN_CONSTANT_CONVERSION = YES;
				CLANG_WARN_DEPRECATED_OBJC_IMPLEMENTATIONS = YES;
				CLANG_WARN_DIRECT_OBJC_ISA_USAGE = YES_ERROR;
				CLANG_WARN_DOCUMENTATION_COMMENTS = YES;
				CLANG_WARN_EMPTY_BODY = YES;
				CLANG_WARN_ENUM_CONVERSION = YES;
				CLANG_WARN_INFINITE_RECURSION = YES;
				CLANG_WARN_INT_CONVERSION = YES;
				CLANG_WARN_NON_LITERAL_NULL_CONVERSION = YES;
				CLANG_WARN_OBJC_IMPLICIT_RETAIN_SELF = YES;
				CLANG_WARN_OBJC_LITERAL_CONVERSION = YES;
				CLANG_WARN_OBJC_ROOT_CLASS = YES_ERROR;
				CLANG_WARN_QUOTED_INCLUDE_IN_FRAMEWORK_HEADER = YES;
				CLANG_WARN_RANGE_LOOP_ANALYSIS = YES;
				CLANG_WARN_STRICT_PROTOTYPES = YES;
				CLANG_WARN_SUSPICIOUS_MOVE = YES;
				CLANG_WARN_UNGUARDED_AVAILABILITY = YES_AGGRESSIVE;
				CLANG_WARN_UNREACHABLE_CODE = YES;
				CLANG_WARN__DUPLICATE_METHOD_MATCH = YES;
				COPY_PHASE_STRIP = NO;
				DEBUG_INFORMATION_FORMAT = "dwarf-with-dsym";
				ENABLE_NS_ASSERTIONS = NO;
				ENABLE_STRICT_OBJC_MSGSEND = YES;
				GCC_C_LANGUAGE_STANDARD = gnu11;
				GCC_NO_COMMON_BLOCKS = YES;
				GCC_WARN_64_TO_32_BIT_CONVERSION = YES;
				GCC_WARN_ABOUT_RETURN_TYPE = YES_ERROR;
				GCC_WARN_UNDECLARED_SELECTOR = YES;
				GCC_WARN_UNINITIALIZED_AUTOS = YES_AGGRESSIVE;
				GCC_WARN_UNUSED_FUNCTION = YES;
				GCC_WARN_UNUSED_VARIABLE = YES;
				IPHONEOS_DEPLOYMENT_TARGET = 15.0;
				MTL_ENABLE_DEBUG_INFO = NO;
				MTL_FAST_MATH = YES;
				SDKROOT = iphoneos;
				SWIFT_COMPILATION_MODE = wholemodule;
				SWIFT_OPTIMIZATION_LEVEL = "-O";
				VALIDATE_PRODUCT = YES;
			};
			name = Release;
		};
		BDD2A62A27D91CE30020F699 /* Debug */ = {
			isa = XCBuildConfiguration;
			baseConfigurationReference = 9505719391B1EDD66E2D002C /* Pods-Cocktail Map.debug.xcconfig */;
			buildSettings = {
				ASSETCATALOG_COMPILER_APPICON_NAME = AppIcon;
				ASSETCATALOG_COMPILER_GLOBAL_ACCENT_COLOR_NAME = AccentColor;
				CODE_SIGN_STYLE = Automatic;
				CURRENT_PROJECT_VERSION = 1;
				DEVELOPMENT_TEAM = N2N5N7MK77;
				GENERATE_INFOPLIST_FILE = YES;
				INFOPLIST_FILE = "Cocktail Map/SupportingFiles/Info.plist";
				INFOPLIST_KEY_UIApplicationSupportsIndirectInputEvents = YES;
				INFOPLIST_KEY_UILaunchStoryboardName = LaunchScreen;
				INFOPLIST_KEY_UIMainStoryboardFile = Main;
				INFOPLIST_KEY_UISupportedInterfaceOrientations_iPad = "UIInterfaceOrientationPortrait UIInterfaceOrientationPortraitUpsideDown UIInterfaceOrientationLandscapeLeft UIInterfaceOrientationLandscapeRight";
				INFOPLIST_KEY_UISupportedInterfaceOrientations_iPhone = "UIInterfaceOrientationPortrait UIInterfaceOrientationLandscapeLeft UIInterfaceOrientationLandscapeRight";
				LD_RUNPATH_SEARCH_PATHS = (
					"$(inherited)",
					"@executable_path/Frameworks",
				);
				MARKETING_VERSION = 1.0;
				PRODUCT_BUNDLE_IDENTIFIER = "IlyaNechaev.Cocktail-Map";
				PRODUCT_NAME = "$(TARGET_NAME)";
				SWIFT_EMIT_LOC_STRINGS = YES;
				SWIFT_VERSION = 5.0;
				TARGETED_DEVICE_FAMILY = "1,2";
			};
			name = Debug;
		};
		BDD2A62B27D91CE30020F699 /* Release */ = {
			isa = XCBuildConfiguration;
			baseConfigurationReference = DCF8EE76DE7E12A2BAE6829B /* Pods-Cocktail Map.release.xcconfig */;
			buildSettings = {
				ASSETCATALOG_COMPILER_APPICON_NAME = AppIcon;
				ASSETCATALOG_COMPILER_GLOBAL_ACCENT_COLOR_NAME = AccentColor;
				CODE_SIGN_STYLE = Automatic;
				CURRENT_PROJECT_VERSION = 1;
				DEVELOPMENT_TEAM = N2N5N7MK77;
				GENERATE_INFOPLIST_FILE = YES;
				INFOPLIST_FILE = "Cocktail Map/SupportingFiles/Info.plist";
				INFOPLIST_KEY_UIApplicationSupportsIndirectInputEvents = YES;
				INFOPLIST_KEY_UILaunchStoryboardName = LaunchScreen;
				INFOPLIST_KEY_UIMainStoryboardFile = Main;
				INFOPLIST_KEY_UISupportedInterfaceOrientations_iPad = "UIInterfaceOrientationPortrait UIInterfaceOrientationPortraitUpsideDown UIInterfaceOrientationLandscapeLeft UIInterfaceOrientationLandscapeRight";
				INFOPLIST_KEY_UISupportedInterfaceOrientations_iPhone = "UIInterfaceOrientationPortrait UIInterfaceOrientationLandscapeLeft UIInterfaceOrientationLandscapeRight";
				LD_RUNPATH_SEARCH_PATHS = (
					"$(inherited)",
					"@executable_path/Frameworks",
				);
				MARKETING_VERSION = 1.0;
				PRODUCT_BUNDLE_IDENTIFIER = "IlyaNechaev.Cocktail-Map";
				PRODUCT_NAME = "$(TARGET_NAME)";
				SWIFT_EMIT_LOC_STRINGS = YES;
				SWIFT_VERSION = 5.0;
				TARGETED_DEVICE_FAMILY = "1,2";
			};
			name = Release;
		};
/* End XCBuildConfiguration section */

/* Begin XCConfigurationList section */
		BDD2A61027D91CE10020F699 /* Build configuration list for PBXProject "Cocktail Map" */ = {
			isa = XCConfigurationList;
			buildConfigurations = (
				BDD2A62727D91CE30020F699 /* Debug */,
				BDD2A62827D91CE30020F699 /* Release */,
			);
			defaultConfigurationIsVisible = 0;
			defaultConfigurationName = Release;
		};
		BDD2A62927D91CE30020F699 /* Build configuration list for PBXNativeTarget "Cocktail Map" */ = {
			isa = XCConfigurationList;
			buildConfigurations = (
				BDD2A62A27D91CE30020F699 /* Debug */,
				BDD2A62B27D91CE30020F699 /* Release */,
			);
			defaultConfigurationIsVisible = 0;
			defaultConfigurationName = Release;
		};
/* End XCConfigurationList section */
	};
	rootObject = BDD2A60D27D91CE10020F699 /* Project object */;
}
